// !$*UTF8*$!
{
	archiveVersion = 1;
	classes = {
	};
	objectVersion = 50;
	objects = {

/* Begin PBXBuildFile section */
		10062FA5245A00BE004EDCCC /* AppDelegate.swift in Sources */ = {isa = PBXBuildFile; fileRef = 10062FA4245A00BE004EDCCC /* AppDelegate.swift */; };
		10062FA7245A00BE004EDCCC /* SceneDelegate.swift in Sources */ = {isa = PBXBuildFile; fileRef = 10062FA6245A00BE004EDCCC /* SceneDelegate.swift */; };
		10062FA9245A00BE004EDCCC /* ContentView.swift in Sources */ = {isa = PBXBuildFile; fileRef = 10062FA8245A00BE004EDCCC /* ContentView.swift */; };
		10062FAB245A00BF004EDCCC /* Assets.xcassets in Resources */ = {isa = PBXBuildFile; fileRef = 10062FAA245A00BF004EDCCC /* Assets.xcassets */; };
		10062FAE245A00BF004EDCCC /* Preview Assets.xcassets in Resources */ = {isa = PBXBuildFile; fileRef = 10062FAD245A00BF004EDCCC /* Preview Assets.xcassets */; };
		10062FB1245A00BF004EDCCC /* LaunchScreen.storyboard in Resources */ = {isa = PBXBuildFile; fileRef = 10062FAF245A00BF004EDCCC /* LaunchScreen.storyboard */; };
		10062FBC245A00BF004EDCCC /* WeatherTests.swift in Sources */ = {isa = PBXBuildFile; fileRef = 10062FBB245A00BF004EDCCC /* WeatherTests.swift */; };
		10062FC7245A00BF004EDCCC /* WeatherUITests.swift in Sources */ = {isa = PBXBuildFile; fileRef = 10062FC6245A00BF004EDCCC /* WeatherUITests.swift */; };
/* End PBXBuildFile section */

/* Begin PBXContainerItemProxy section */
		10062FB8245A00BF004EDCCC /* PBXContainerItemProxy */ = {
			isa = PBXContainerItemProxy;
			containerPortal = 10062F99245A00BE004EDCCC /* Project object */;
			proxyType = 1;
			remoteGlobalIDString = 10062FA0245A00BE004EDCCC;
			remoteInfo = Weather;
		};
		10062FC3245A00BF004EDCCC /* PBXContainerItemProxy */ = {
			isa = PBXContainerItemProxy;
			containerPortal = 10062F99245A00BE004EDCCC /* Project object */;
			proxyType = 1;
			remoteGlobalIDString = 10062FA0245A00BE004EDCCC;
			remoteInfo = Weather;
		};
/* End PBXContainerItemProxy section */

/* Begin PBXFileReference section */
		10062FA1245A00BE004EDCCC /* Weather.app */ = {isa = PBXFileReference; explicitFileType = wrapper.application; includeInIndex = 0; path = Weather.app; sourceTree = BUILT_PRODUCTS_DIR; };
		10062FA4245A00BE004EDCCC /* AppDelegate.swift */ = {isa = PBXFileReference; lastKnownFileType = sourcecode.swift; path = AppDelegate.swift; sourceTree = "<group>"; };
		10062FA6245A00BE004EDCCC /* SceneDelegate.swift */ = {isa = PBXFileReference; lastKnownFileType = sourcecode.swift; path = SceneDelegate.swift; sourceTree = "<group>"; };
		10062FA8245A00BE004EDCCC /* ContentView.swift */ = {isa = PBXFileReference; lastKnownFileType = sourcecode.swift; path = ContentView.swift; sourceTree = "<group>"; };
		10062FAA245A00BF004EDCCC /* Assets.xcassets */ = {isa = PBXFileReference; lastKnownFileType = folder.assetcatalog; path = Assets.xcassets; sourceTree = "<group>"; };
		10062FAD245A00BF004EDCCC /* Preview Assets.xcassets */ = {isa = PBXFileReference; lastKnownFileType = folder.assetcatalog; path = "Preview Assets.xcassets"; sourceTree = "<group>"; };
		10062FB0245A00BF004EDCCC /* Base */ = {isa = PBXFileReference; lastKnownFileType = file.storyboard; name = Base; path = Base.lproj/LaunchScreen.storyboard; sourceTree = "<group>"; };
		10062FB2245A00BF004EDCCC /* Info.plist */ = {isa = PBXFileReference; lastKnownFileType = text.plist.xml; path = Info.plist; sourceTree = "<group>"; };
		10062FB7245A00BF004EDCCC /* WeatherTests.xctest */ = {isa = PBXFileReference; explicitFileType = wrapper.cfbundle; includeInIndex = 0; path = WeatherTests.xctest; sourceTree = BUILT_PRODUCTS_DIR; };
		10062FBB245A00BF004EDCCC /* WeatherTests.swift */ = {isa = PBXFileReference; lastKnownFileType = sourcecode.swift; path = WeatherTests.swift; sourceTree = "<group>"; };
		10062FBD245A00BF004EDCCC /* Info.plist */ = {isa = PBXFileReference; lastKnownFileType = text.plist.xml; path = Info.plist; sourceTree = "<group>"; };
		10062FC2245A00BF004EDCCC /* WeatherUITests.xctest */ = {isa = PBXFileReference; explicitFileType = wrapper.cfbundle; includeInIndex = 0; path = WeatherUITests.xctest; sourceTree = BUILT_PRODUCTS_DIR; };
		10062FC6245A00BF004EDCCC /* WeatherUITests.swift */ = {isa = PBXFileReference; lastKnownFileType = sourcecode.swift; path = WeatherUITests.swift; sourceTree = "<group>"; };
		10062FC8245A00BF004EDCCC /* Info.plist */ = {isa = PBXFileReference; lastKnownFileType = text.plist.xml; path = Info.plist; sourceTree = "<group>"; };
/* End PBXFileReference section */

/* Begin PBXFrameworksBuildPhase section */
		10062F9E245A00BE004EDCCC /* Frameworks */ = {
			isa = PBXFrameworksBuildPhase;
			buildActionMask = 2147483647;
			files = (
			);
			runOnlyForDeploymentPostprocessing = 0;
		};
		10062FB4245A00BF004EDCCC /* Frameworks */ = {
			isa = PBXFrameworksBuildPhase;
			buildActionMask = 2147483647;
			files = (
			);
			runOnlyForDeploymentPostprocessing = 0;
		};
		10062FBF245A00BF004EDCCC /* Frameworks */ = {
			isa = PBXFrameworksBuildPhase;
			buildActionMask = 2147483647;
			files = (
			);
			runOnlyForDeploymentPostprocessing = 0;
		};
/* End PBXFrameworksBuildPhase section */

/* Begin PBXGroup section */
		10062F98245A00BE004EDCCC = {
			isa = PBXGroup;
			children = (
				10062FA3245A00BE004EDCCC /* Weather */,
				10062FBA245A00BF004EDCCC /* WeatherTests */,
				10062FC5245A00BF004EDCCC /* WeatherUITests */,
				10062FA2245A00BE004EDCCC /* Products */,
			);
			sourceTree = "<group>";
		};
		10062FA2245A00BE004EDCCC /* Products */ = {
			isa = PBXGroup;
			children = (
				10062FA1245A00BE004EDCCC /* Weather.app */,
				10062FB7245A00BF004EDCCC /* WeatherTests.xctest */,
				10062FC2245A00BF004EDCCC /* WeatherUITests.xctest */,
			);
			name = Products;
			sourceTree = "<group>";
		};
		10062FA3245A00BE004EDCCC /* Weather */ = {
			isa = PBXGroup;
			children = (
				10062FA4245A00BE004EDCCC /* AppDelegate.swift */,
				10062FA6245A00BE004EDCCC /* SceneDelegate.swift */,
				10062FA8245A00BE004EDCCC /* ContentView.swift */,
				10062FAA245A00BF004EDCCC /* Assets.xcassets */,
				10062FAF245A00BF004EDCCC /* LaunchScreen.storyboard */,
				10062FB2245A00BF004EDCCC /* Info.plist */,
				10062FAC245A00BF004EDCCC /* Preview Content */,
			);
			path = Weather;
			sourceTree = "<group>";
		};
		10062FAC245A00BF004EDCCC /* Preview Content */ = {
			isa = PBXGroup;
			children = (
				10062FAD245A00BF004EDCCC /* Preview Assets.xcassets */,
			);
			path = "Preview Content";
			sourceTree = "<group>";
		};
		10062FBA245A00BF004EDCCC /* WeatherTests */ = {
			isa = PBXGroup;
			children = (
				10062FBB245A00BF004EDCCC /* WeatherTests.swift */,
				10062FBD245A00BF004EDCCC /* Info.plist */,
			);
			path = WeatherTests;
			sourceTree = "<group>";
		};
		10062FC5245A00BF004EDCCC /* WeatherUITests */ = {
			isa = PBXGroup;
			children = (
				10062FC6245A00BF004EDCCC /* WeatherUITests.swift */,
				10062FC8245A00BF004EDCCC /* Info.plist */,
			);
			path = WeatherUITests;
			sourceTree = "<group>";
		};
/* End PBXGroup section */

/* Begin PBXNativeTarget section */
		10062FA0245A00BE004EDCCC /* Weather */ = {
			isa = PBXNativeTarget;
			buildConfigurationList = 10062FCB245A00BF004EDCCC /* Build configuration list for PBXNativeTarget "Weather" */;
			buildPhases = (
				10062F9D245A00BE004EDCCC /* Sources */,
				10062F9E245A00BE004EDCCC /* Frameworks */,
				10062F9F245A00BE004EDCCC /* Resources */,
			);
			buildRules = (
			);
			dependencies = (
			);
			name = Weather;
			productName = Weather;
			productReference = 10062FA1245A00BE004EDCCC /* Weather.app */;
			productType = "com.apple.product-type.application";
		};
		10062FB6245A00BF004EDCCC /* WeatherTests */ = {
			isa = PBXNativeTarget;
			buildConfigurationList = 10062FCE245A00BF004EDCCC /* Build configuration list for PBXNativeTarget "WeatherTests" */;
			buildPhases = (
				10062FB3245A00BF004EDCCC /* Sources */,
				10062FB4245A00BF004EDCCC /* Frameworks */,
				10062FB5245A00BF004EDCCC /* Resources */,
			);
			buildRules = (
			);
			dependencies = (
				10062FB9245A00BF004EDCCC /* PBXTargetDependency */,
			);
			name = WeatherTests;
			productName = WeatherTests;
			productReference = 10062FB7245A00BF004EDCCC /* WeatherTests.xctest */;
			productType = "com.apple.product-type.bundle.unit-test";
		};
		10062FC1245A00BF004EDCCC /* WeatherUITests */ = {
			isa = PBXNativeTarget;
			buildConfigurationList = 10062FD1245A00BF004EDCCC /* Build configuration list for PBXNativeTarget "WeatherUITests" */;
			buildPhases = (
				10062FBE245A00BF004EDCCC /* Sources */,
				10062FBF245A00BF004EDCCC /* Frameworks */,
				10062FC0245A00BF004EDCCC /* Resources */,
			);
			buildRules = (
			);
			dependencies = (
				10062FC4245A00BF004EDCCC /* PBXTargetDependency */,
			);
			name = WeatherUITests;
			productName = WeatherUITests;
			productReference = 10062FC2245A00BF004EDCCC /* WeatherUITests.xctest */;
			productType = "com.apple.product-type.bundle.ui-testing";
		};
/* End PBXNativeTarget section */

/* Begin PBXProject section */
		10062F99245A00BE004EDCCC /* Project object */ = {
			isa = PBXProject;
			attributes = {
				LastSwiftUpdateCheck = 1140;
				LastUpgradeCheck = 1140;
				ORGANIZATIONNAME = LiveWeatherLove;
				TargetAttributes = {
					10062FA0245A00BE004EDCCC = {
						CreatedOnToolsVersion = 11.4.1;
					};
					10062FB6245A00BF004EDCCC = {
						CreatedOnToolsVersion = 11.4.1;
						TestTargetID = 10062FA0245A00BE004EDCCC;
					};
					10062FC1245A00BF004EDCCC = {
						CreatedOnToolsVersion = 11.4.1;
						TestTargetID = 10062FA0245A00BE004EDCCC;
					};
				};
			};
			buildConfigurationList = 10062F9C245A00BE004EDCCC /* Build configuration list for PBXProject "Weather" */;
			compatibilityVersion = "Xcode 9.3";
			developmentRegion = en;
			hasScannedForEncodings = 0;
			knownRegions = (
				en,
				Base,
			);
			mainGroup = 10062F98245A00BE004EDCCC;
			productRefGroup = 10062FA2245A00BE004EDCCC /* Products */;
			projectDirPath = "";
			projectRoot = "";
			targets = (
				10062FA0245A00BE004EDCCC /* Weather */,
				10062FB6245A00BF004EDCCC /* WeatherTests */,
				10062FC1245A00BF004EDCCC /* WeatherUITests */,
			);
		};
/* End PBXProject section */

/* Begin PBXResourcesBuildPhase section */
		10062F9F245A00BE004EDCCC /* Resources */ = {
			isa = PBXResourcesBuildPhase;
			buildActionMask = 2147483647;
			files = (
				10062FB1245A00BF004EDCCC /* LaunchScreen.storyboard in Resources */,
				10062FAE245A00BF004EDCCC /* Preview Assets.xcassets in Resources */,
				10062FAB245A00BF004EDCCC /* Assets.xcassets in Resources */,
			);
			runOnlyForDeploymentPostprocessing = 0;
		};
		10062FB5245A00BF004EDCCC /* Resources */ = {
			isa = PBXResourcesBuildPhase;
			buildActionMask = 2147483647;
			files = (
			);
			runOnlyForDeploymentPostprocessing = 0;
		};
		10062FC0245A00BF004EDCCC /* Resources */ = {
			isa = PBXResourcesBuildPhase;
			buildActionMask = 2147483647;
			files = (
			);
			runOnlyForDeploymentPostprocessing = 0;
		};
/* End PBXResourcesBuildPhase section */

/* Begin PBXSourcesBuildPhase section */
		10062F9D245A00BE004EDCCC /* Sources */ = {
			isa = PBXSourcesBuildPhase;
			buildActionMask = 2147483647;
			files = (
				10062FA5245A00BE004EDCCC /* AppDelegate.swift in Sources */,
				10062FA7245A00BE004EDCCC /* SceneDelegate.swift in Sources */,
				10062FA9245A00BE004EDCCC /* ContentView.swift in Sources */,
			);
			runOnlyForDeploymentPostprocessing = 0;
		};
		10062FB3245A00BF004EDCCC /* Sources */ = {
			isa = PBXSourcesBuildPhase;
			buildActionMask = 2147483647;
			files = (
				10062FBC245A00BF004EDCCC /* WeatherTests.swift in Sources */,
			);
			runOnlyForDeploymentPostprocessing = 0;
		};
		10062FBE245A00BF004EDCCC /* Sources */ = {
			isa = PBXSourcesBuildPhase;
			buildActionMask = 2147483647;
			files = (
				10062FC7245A00BF004EDCCC /* WeatherUITests.swift in Sources */,
			);
			runOnlyForDeploymentPostprocessing = 0;
		};
/* End PBXSourcesBuildPhase section */

/* Begin PBXTargetDependency section */
		10062FB9245A00BF004EDCCC /* PBXTargetDependency */ = {
			isa = PBXTargetDependency;
			target = 10062FA0245A00BE004EDCCC /* Weather */;
			targetProxy = 10062FB8245A00BF004EDCCC /* PBXContainerItemProxy */;
		};
		10062FC4245A00BF004EDCCC /* PBXTargetDependency */ = {
			isa = PBXTargetDependency;
			target = 10062FA0245A00BE004EDCCC /* Weather */;
			targetProxy = 10062FC3245A00BF004EDCCC /* PBXContainerItemProxy */;
		};
/* End PBXTargetDependency section */

/* Begin PBXVariantGroup section */
		10062FAF245A00BF004EDCCC /* LaunchScreen.storyboard */ = {
			isa = PBXVariantGroup;
			children = (
				10062FB0245A00BF004EDCCC /* Base */,
			);
			name = LaunchScreen.storyboard;
			sourceTree = "<group>";
		};
/* End PBXVariantGroup section */

/* Begin XCBuildConfiguration section */
		10062FC9245A00BF004EDCCC /* Debug */ = {
			isa = XCBuildConfiguration;
			buildSettings = {
				ALWAYS_SEARCH_USER_PATHS = NO;
				CLANG_ANALYZER_NONNULL = YES;
				CLANG_ANALYZER_NUMBER_OBJECT_CONVERSION = YES_AGGRESSIVE;
				CLANG_CXX_LANGUAGE_STANDARD = "gnu++14";
				CLANG_CXX_LIBRARY = "libc++";
				CLANG_ENABLE_MODULES = YES;
				CLANG_ENABLE_OBJC_ARC = YES;
				CLANG_ENABLE_OBJC_WEAK = YES;
				CLANG_WARN_BLOCK_CAPTURE_AUTORELEASING = YES;
				CLANG_WARN_BOOL_CONVERSION = YES;
				CLANG_WARN_COMMA = YES;
				CLANG_WARN_CONSTANT_CONVERSION = YES;
				CLANG_WARN_DEPRECATED_OBJC_IMPLEMENTATIONS = YES;
				CLANG_WARN_DIRECT_OBJC_ISA_USAGE = YES_ERROR;
				CLANG_WARN_DOCUMENTATION_COMMENTS = YES;
				CLANG_WARN_EMPTY_BODY = YES;
				CLANG_WARN_ENUM_CONVERSION = YES;
				CLANG_WARN_INFINITE_RECURSION = YES;
				CLANG_WARN_INT_CONVERSION = YES;
				CLANG_WARN_NON_LITERAL_NULL_CONVERSION = YES;
				CLANG_WARN_OBJC_IMPLICIT_RETAIN_SELF = YES;
				CLANG_WARN_OBJC_LITERAL_CONVERSION = YES;
				CLANG_WARN_OBJC_ROOT_CLASS = YES_ERROR;
				CLANG_WARN_RANGE_LOOP_ANALYSIS = YES;
				CLANG_WARN_STRICT_PROTOTYPES = YES;
				CLANG_WARN_SUSPICIOUS_MOVE = YES;
				CLANG_WARN_UNGUARDED_AVAILABILITY = YES_AGGRESSIVE;
				CLANG_WARN_UNREACHABLE_CODE = YES;
				CLANG_WARN__DUPLICATE_METHOD_MATCH = YES;
				COPY_PHASE_STRIP = NO;
				DEBUG_INFORMATION_FORMAT = dwarf;
				ENABLE_STRICT_OBJC_MSGSEND = YES;
				ENABLE_TESTABILITY = YES;
				GCC_C_LANGUAGE_STANDARD = gnu11;
				GCC_DYNAMIC_NO_PIC = NO;
				GCC_NO_COMMON_BLOCKS = YES;
				GCC_OPTIMIZATION_LEVEL = 0;
				GCC_PREPROCESSOR_DEFINITIONS = (
					"DEBUG=1",
					"$(inherited)",
				);
				GCC_WARN_64_TO_32_BIT_CONVERSION = YES;
				GCC_WARN_ABOUT_RETURN_TYPE = YES_ERROR;
				GCC_WARN_UNDECLARED_SELECTOR = YES;
				GCC_WARN_UNINITIALIZED_AUTOS = YES_AGGRESSIVE;
				GCC_WARN_UNUSED_FUNCTION = YES;
				GCC_WARN_UNUSED_VARIABLE = YES;
				IPHONEOS_DEPLOYMENT_TARGET = 13.4;
				MTL_ENABLE_DEBUG_INFO = INCLUDE_SOURCE;
				MTL_FAST_MATH = YES;
				ONLY_ACTIVE_ARCH = YES;
				SDKROOT = iphoneos;
				SWIFT_ACTIVE_COMPILATION_CONDITIONS = DEBUG;
				SWIFT_OPTIMIZATION_LEVEL = "-Onone";
			};
			name = Debug;
		};
		10062FCA245A00BF004EDCCC /* Release */ = {
			isa = XCBuildConfiguration;
			buildSettings = {
				ALWAYS_SEARCH_USER_PATHS = NO;
				CLANG_ANALYZER_NONNULL = YES;
				CLANG_ANALYZER_NUMBER_OBJECT_CONVERSION = YES_AGGRESSIVE;
				CLANG_CXX_LANGUAGE_STANDARD = "gnu++14";
				CLANG_CXX_LIBRARY = "libc++";
				CLANG_ENABLE_MODULES = YES;
				CLANG_ENABLE_OBJC_ARC = YES;
				CLANG_ENABLE_OBJC_WEAK = YES;
				CLANG_WARN_BLOCK_CAPTURE_AUTORELEASING = YES;
				CLANG_WARN_BOOL_CONVERSION = YES;
				CLANG_WARN_COMMA = YES;
				CLANG_WARN_CONSTANT_CONVERSION = YES;
				CLANG_WARN_DEPRECATED_OBJC_IMPLEMENTATIONS = YES;
				CLANG_WARN_DIRECT_OBJC_ISA_USAGE = YES_ERROR;
				CLANG_WARN_DOCUMENTATION_COMMENTS = YES;
				CLANG_WARN_EMPTY_BODY = YES;
				CLANG_WARN_ENUM_CONVERSION = YES;
				CLANG_WARN_INFINITE_RECURSION = YES;
				CLANG_WARN_INT_CONVERSION = YES;
				CLANG_WARN_NON_LITERAL_NULL_CONVERSION = YES;
				CLANG_WARN_OBJC_IMPLICIT_RETAIN_SELF = YES;
				CLANG_WARN_OBJC_LITERAL_CONVERSION = YES;
				CLANG_WARN_OBJC_ROOT_CLASS = YES_ERROR;
				CLANG_WARN_RANGE_LOOP_ANALYSIS = YES;
				CLANG_WARN_STRICT_PROTOTYPES = YES;
				CLANG_WARN_SUSPICIOUS_MOVE = YES;
				CLANG_WARN_UNGUARDED_AVAILABILITY = YES_AGGRESSIVE;
				CLANG_WARN_UNREACHABLE_CODE = YES;
				CLANG_WARN__DUPLICATE_METHOD_MATCH = YES;
				COPY_PHASE_STRIP = NO;
				DEBUG_INFORMATION_FORMAT = "dwarf-with-dsym";
				ENABLE_NS_ASSERTIONS = NO;
				ENABLE_STRICT_OBJC_MSGSEND = YES;
				GCC_C_LANGUAGE_STANDARD = gnu11;
				GCC_NO_COMMON_BLOCKS = YES;
				GCC_WARN_64_TO_32_BIT_CONVERSION = YES;
				GCC_WARN_ABOUT_RETURN_TYPE = YES_ERROR;
				GCC_WARN_UNDECLARED_SELECTOR = YES;
				GCC_WARN_UNINITIALIZED_AUTOS = YES_AGGRESSIVE;
				GCC_WARN_UNUSED_FUNCTION = YES;
				GCC_WARN_UNUSED_VARIABLE = YES;
				IPHONEOS_DEPLOYMENT_TARGET = 13.4;
				MTL_ENABLE_DEBUG_INFO = NO;
				MTL_FAST_MATH = YES;
				SDKROOT = iphoneos;
				SWIFT_COMPILATION_MODE = wholemodule;
				SWIFT_OPTIMIZATION_LEVEL = "-O";
				VALIDATE_PRODUCT = YES;
			};
			name = Release;
		};
		10062FCC245A00BF004EDCCC /* Debug */ = {
			isa = XCBuildConfiguration;
			buildSettings = {
				ASSETCATALOG_COMPILER_APPICON_NAME = AppIcon;
				CODE_SIGN_STYLE = Automatic;
				DEVELOPMENT_ASSET_PATHS = "\"Weather/Preview Content\"";
				ENABLE_PREVIEWS = YES;
				INFOPLIST_FILE = Weather/Info.plist;
				LD_RUNPATH_SEARCH_PATHS = (
					"$(inherited)",
					"@executable_path/Frameworks",
				);
				PRODUCT_BUNDLE_IDENTIFIER = com.LiveWeatherLove..Weather;
				PRODUCT_NAME = "$(TARGET_NAME)";
				SWIFT_VERSION = 5.0;
				TARGETED_DEVICE_FAMILY = "1,2";
			};
			name = Debug;
		};
		10062FCD245A00BF004EDCCC /* Release */ = {
			isa = XCBuildConfiguration;
			buildSettings = {
				ASSETCATALOG_COMPILER_APPICON_NAME = AppIcon;
				CODE_SIGN_STYLE = Automatic;
				DEVELOPMENT_ASSET_PATHS = "\"Weather/Preview Content\"";
				ENABLE_PREVIEWS = YES;
				INFOPLIST_FILE = Weather/Info.plist;
				LD_RUNPATH_SEARCH_PATHS = (
					"$(inherited)",
					"@executable_path/Frameworks",
				);
				PRODUCT_BUNDLE_IDENTIFIER = com.LiveWeatherLove..Weather;
				PRODUCT_NAME = "$(TARGET_NAME)";
				SWIFT_VERSION = 5.0;
				TARGETED_DEVICE_FAMILY = "1,2";
			};
			name = Release;
		};
		10062FCF245A00BF004EDCCC /* Debug */ = {
			isa = XCBuildConfiguration;
			buildSettings = {
				ALWAYS_EMBED_SWIFT_STANDARD_LIBRARIES = YES;
				BUNDLE_LOADER = "$(TEST_HOST)";
				CODE_SIGN_STYLE = Automatic;
				INFOPLIST_FILE = WeatherTests/Info.plist;
				IPHONEOS_DEPLOYMENT_TARGET = 13.4;
				LD_RUNPATH_SEARCH_PATHS = (
					"$(inherited)",
					"@executable_path/Frameworks",
					"@loader_path/Frameworks",
				);
				PRODUCT_BUNDLE_IDENTIFIER = com.LiveWeatherLove..WeatherTests;
				PRODUCT_NAME = "$(TARGET_NAME)";
				SWIFT_VERSION = 5.0;
				TARGETED_DEVICE_FAMILY = "1,2";
				TEST_HOST = "$(BUILT_PRODUCTS_DIR)/Weather.app/Weather";
			};
			name = Debug;
		};
		10062FD0245A00BF004EDCCC /* Release */ = {
			isa = XCBuildConfiguration;
			buildSettings = {
				ALWAYS_EMBED_SWIFT_STANDARD_LIBRARIES = YES;
				BUNDLE_LOADER = "$(TEST_HOST)";
				CODE_SIGN_STYLE = Automatic;
				INFOPLIST_FILE = WeatherTests/Info.plist;
				IPHONEOS_DEPLOYMENT_TARGET = 13.4;
				LD_RUNPATH_SEARCH_PATHS = (
					"$(inherited)",
					"@executable_path/Frameworks",
					"@loader_path/Frameworks",
				);
				PRODUCT_BUNDLE_IDENTIFIER = com.LiveWeatherLove..WeatherTests;
				PRODUCT_NAME = "$(TARGET_NAME)";
				SWIFT_VERSION = 5.0;
				TARGETED_DEVICE_FAMILY = "1,2";
				TEST_HOST = "$(BUILT_PRODUCTS_DIR)/Weather.app/Weather";
			};
			name = Release;
		};
		10062FD2245A00BF004EDCCC /* Debug */ = {
			isa = XCBuildConfiguration;
			buildSettings = {
				ALWAYS_EMBED_SWIFT_STANDARD_LIBRARIES = YES;
				CODE_SIGN_STYLE = Automatic;
				INFOPLIST_FILE = WeatherUITests/Info.plist;
				LD_RUNPATH_SEARCH_PATHS = (
					"$(inherited)",
					"@executable_path/Frameworks",
					"@loader_path/Frameworks",
				);
				PRODUCT_BUNDLE_IDENTIFIER = com.LiveWeatherLove..WeatherUITests;
				PRODUCT_NAME = "$(TARGET_NAME)";
				SWIFT_VERSION = 5.0;
				TARGETED_DEVICE_FAMILY = "1,2";
				TEST_TARGET_NAME = Weather;
			};
			name = Debug;
		};
		10062FD3245A00BF004EDCCC /* Release */ = {
			isa = XCBuildConfiguration;
			buildSettings = {
				ALWAYS_EMBED_SWIFT_STANDARD_LIBRARIES = YES;
				CODE_SIGN_STYLE = Automatic;
				INFOPLIST_FILE = WeatherUITests/Info.plist;
				LD_RUNPATH_SEARCH_PATHS = (
					"$(inherited)",
					"@executable_path/Frameworks",
					"@loader_path/Frameworks",
				);
				PRODUCT_BUNDLE_IDENTIFIER = com.LiveWeatherLove..WeatherUITests;
				PRODUCT_NAME = "$(TARGET_NAME)";
				SWIFT_VERSION = 5.0;
				TARGETED_DEVICE_FAMILY = "1,2";
				TEST_TARGET_NAME = Weather;
			};
			name = Release;
		};
/* End XCBuildConfiguration section */

/* Begin XCConfigurationList section */
		10062F9C245A00BE004EDCCC /* Build configuration list for PBXProject "Weather" */ = {
			isa = XCConfigurationList;
			buildConfigurations = (
				10062FC9245A00BF004EDCCC /* Debug */,
				10062FCA245A00BF004EDCCC /* Release */,
			);
			defaultConfigurationIsVisible = 0;
			defaultConfigurationName = Release;
		};
		10062FCB245A00BF004EDCCC /* Build configuration list for PBXNativeTarget "Weather" */ = {
			isa = XCConfigurationList;
			buildConfigurations = (
				10062FCC245A00BF004EDCCC /* Debug */,
				10062FCD245A00BF004EDCCC /* Release */,
			);
			defaultConfigurationIsVisible = 0;
			defaultConfigurationName = Release;
		};
		10062FCE245A00BF004EDCCC /* Build configuration list for PBXNativeTarget "WeatherTests" */ = {
			isa = XCConfigurationList;
			buildConfigurations = (
				10062FCF245A00BF004EDCCC /* Debug */,
				10062FD0245A00BF004EDCCC /* Release */,
			);
			defaultConfigurationIsVisible = 0;
			defaultConfigurationName = Release;
		};
		10062FD1245A00BF004EDCCC /* Build configuration list for PBXNativeTarget "WeatherUITests" */ = {
			isa = XCConfigurationList;
			buildConfigurations = (
				10062FD2245A00BF004EDCCC /* Debug */,
				10062FD3245A00BF004EDCCC /* Release */,
			);
			defaultConfigurationIsVisible = 0;
			defaultConfigurationName = Release;
		};
/* End XCConfigurationList section */
	};
	rootObject = 10062F99245A00BE004EDCCC /* Project object */;
}
